
Microsoft Visual Studio Solution File, Format Version 12.00
# Visual Studio Version 17
VisualStudioVersion = 17.4.33110.190
MinimumVisualStudioVersion = 10.0.40219.1
Project("{FAE04EC0-301F-11D3-BF4B-00C04F79EFBC}") = "SessionCookie", "SessionCookie\SessionCookie.csproj", "{E947FA8C-7DC7-4174-A9D1-6F08862ACA69}"
EndProject
Global
	GlobalSection(SolutionConfigurationPlatforms) = preSolution
		Debug|Any CPU = Debug|Any CPU
		Release|Any CPU = Release|Any CPU
	EndGlobalSection
	GlobalSection(ProjectConfigurationPlatforms) = postSolution
		{E947FA8C-7DC7-4174-A9D1-6F08862ACA69}.Debug|Any CPU.ActiveCfg = Debug|Any CPU
		{E947FA8C-7DC7-4174-A9D1-6F08862ACA69}.Debug|Any CPU.Build.0 = Debug|Any CPU
		{E947FA8C-7DC7-4174-A9D1-6F08862ACA69}.Release|Any CPU.ActiveCfg = Release|Any CPU
		{E947FA8C-7DC7-4174-A9D1-6F08862ACA69}.Release|Any CPU.Build.0 = Release|Any CPU
	EndGlobalSection
	GlobalSection(SolutionProperties) = preSolution
		HideSolutionNode = FALSE
	EndGlobalSection
	GlobalSection(ExtensibilityGlobals) = postSolution
		SolutionGuid = {CA3A5275-C2D9-44DC-82D6-561711265BEF}
	EndGlobalSection
EndGlobal
